
Microsoft Visual Studio Solution File, Format Version 12.00
# Visual Studio Version 17
VisualStudioVersion = 17.2.32516.85
MinimumVisualStudioVersion = 10.0.40219.1
Project("{9A19103F-16F7-4668-BE54-9A1E7A4F7556}") = "AlintaPoC.Domain", "AlintaPoC.Domain\AlintaPoC.Domain.csproj", "{60DEF093-116E-4D26-A19E-E37C944759A6}"
EndProject
Project("{9A19103F-16F7-4668-BE54-9A1E7A4F7556}") = "SharedKernel", "SharedKernel\SharedKernel.csproj", "{5E980C7E-7FA9-4AA6-B10A-95DE9BA73974}"
EndProject
Project("{9A19103F-16F7-4668-BE54-9A1E7A4F7556}") = "AlintaPoC.Data", "AlintaPoC.Data\AlintaPoC.Data.csproj", "{42ABE18E-4615-4088-9363-E8AA22666C14}"
EndProject
Project("{9A19103F-16F7-4668-BE54-9A1E7A4F7556}") = "AlintaPoC.Contracts", "AlintaPoC.Contracts\AlintaPoC.Contracts.csproj", "{32E45B79-795B-43BA-9718-EAC07039C51D}"
EndProject
Project("{9A19103F-16F7-4668-BE54-9A1E7A4F7556}") = "AlintaPoC.Application", "AlintaPoC.Application\AlintaPoC.Application.csproj", "{8B1E1317-BD17-4F7B-8F0E-BC0575F0813E}"
EndProject
Project("{9A19103F-16F7-4668-BE54-9A1E7A4F7556}") = "AlintaPoC.API", "AlintaPoC.API\AlintaPoC.API.csproj", "{7BDE2722-DD0B-434B-87D6-2AC2498A81D4}"
EndProject
Project("{9A19103F-16F7-4668-BE54-9A1E7A4F7556}") = "AlintaPoC.Integration.TableStorage", "AlintaPoC.Integration.TableStorage\AlintaPoC.Integration.TableStorage.csproj", "{C4BF06FF-5A74-4BFA-8269-0DFDF8EDE84A}"
EndProject
Project("{9A19103F-16F7-4668-BE54-9A1E7A4F7556}") = "AlintaPoC.Integration.RedisCache", "AlintaPoC.Integration.RedisCache\AlintaPoC.Integration.RedisCache.csproj", "{9BF46745-96D0-464A-A6DA-9AA61261F899}"
EndProject
Project("{2150E333-8FDC-42A3-9474-1A3956D46DE8}") = "Tests", "Tests", "{D455C4E6-1C22-4DD1-9002-05DB26F4D4F1}"
EndProject
Project("{9A19103F-16F7-4668-BE54-9A1E7A4F7556}") = "AlintaPoC.API.IntegrationTests", "AlintaPoC.API.IntegrationTests\AlintaPoC.API.IntegrationTests.csproj", "{05FFEC9F-B637-4E7C-B46D-280E9E75296A}"
EndProject
Project("{9A19103F-16F7-4668-BE54-9A1E7A4F7556}") = "AlintaPoC.API.IntegrationSQLTests", "AlintaPoC.API.IntegrationSQLTests\AlintaPoC.API.IntegrationSQLTests.csproj", "{ADBC7DF1-BE65-406F-9422-3F316625E575}"
EndProject
Project("{FAE04EC0-301F-11D3-BF4B-00C04F79EFBC}") = "AlintaPoC.API.IntegrationDockerSQLTests", "AlintaPoC.API.IntegrationDockerSQLTests\AlintaPoC.API.IntegrationDockerSQLTests.csproj", "{1A12AE86-4D54-466F-BDD8-AB5885AD566A}"
EndProject
Global
	GlobalSection(SolutionConfigurationPlatforms) = preSolution
		Debug|Any CPU = Debug|Any CPU
		Release|Any CPU = Release|Any CPU
	EndGlobalSection
	GlobalSection(ProjectConfigurationPlatforms) = postSolution
		{60DEF093-116E-4D26-A19E-E37C944759A6}.Debug|Any CPU.ActiveCfg = Debug|Any CPU
		{60DEF093-116E-4D26-A19E-E37C944759A6}.Debug|Any CPU.Build.0 = Debug|Any CPU
		{60DEF093-116E-4D26-A19E-E37C944759A6}.Release|Any CPU.ActiveCfg = Release|Any CPU
		{60DEF093-116E-4D26-A19E-E37C944759A6}.Release|Any CPU.Build.0 = Release|Any CPU
		{5E980C7E-7FA9-4AA6-B10A-95DE9BA73974}.Debug|Any CPU.ActiveCfg = Debug|Any CPU
		{5E980C7E-7FA9-4AA6-B10A-95DE9BA73974}.Debug|Any CPU.Build.0 = Debug|Any CPU
		{5E980C7E-7FA9-4AA6-B10A-95DE9BA73974}.Release|Any CPU.ActiveCfg = Release|Any CPU
		{5E980C7E-7FA9-4AA6-B10A-95DE9BA73974}.Release|Any CPU.Build.0 = Release|Any CPU
		{42ABE18E-4615-4088-9363-E8AA22666C14}.Debug|Any CPU.ActiveCfg = Debug|Any CPU
		{42ABE18E-4615-4088-9363-E8AA22666C14}.Debug|Any CPU.Build.0 = Debug|Any CPU
		{42ABE18E-4615-4088-9363-E8AA22666C14}.Release|Any CPU.ActiveCfg = Release|Any CPU
		{42ABE18E-4615-4088-9363-E8AA22666C14}.Release|Any CPU.Build.0 = Release|Any CPU
		{32E45B79-795B-43BA-9718-EAC07039C51D}.Debug|Any CPU.ActiveCfg = Debug|Any CPU
		{32E45B79-795B-43BA-9718-EAC07039C51D}.Debug|Any CPU.Build.0 = Debug|Any CPU
		{32E45B79-795B-43BA-9718-EAC07039C51D}.Release|Any CPU.ActiveCfg = Release|Any CPU
		{32E45B79-795B-43BA-9718-EAC07039C51D}.Release|Any CPU.Build.0 = Release|Any CPU
		{8B1E1317-BD17-4F7B-8F0E-BC0575F0813E}.Debug|Any CPU.ActiveCfg = Debug|Any CPU
		{8B1E1317-BD17-4F7B-8F0E-BC0575F0813E}.Debug|Any CPU.Build.0 = Debug|Any CPU
		{8B1E1317-BD17-4F7B-8F0E-BC0575F0813E}.Release|Any CPU.ActiveCfg = Release|Any CPU
		{8B1E1317-BD17-4F7B-8F0E-BC0575F0813E}.Release|Any CPU.Build.0 = Release|Any CPU
		{7BDE2722-DD0B-434B-87D6-2AC2498A81D4}.Debug|Any CPU.ActiveCfg = Debug|Any CPU
		{7BDE2722-DD0B-434B-87D6-2AC2498A81D4}.Debug|Any CPU.Build.0 = Debug|Any CPU
		{7BDE2722-DD0B-434B-87D6-2AC2498A81D4}.Release|Any CPU.ActiveCfg = Release|Any CPU
		{7BDE2722-DD0B-434B-87D6-2AC2498A81D4}.Release|Any CPU.Build.0 = Release|Any CPU
		{C4BF06FF-5A74-4BFA-8269-0DFDF8EDE84A}.Debug|Any CPU.ActiveCfg = Debug|Any CPU
		{C4BF06FF-5A74-4BFA-8269-0DFDF8EDE84A}.Debug|Any CPU.Build.0 = Debug|Any CPU
		{C4BF06FF-5A74-4BFA-8269-0DFDF8EDE84A}.Release|Any CPU.ActiveCfg = Release|Any CPU
		{C4BF06FF-5A74-4BFA-8269-0DFDF8EDE84A}.Release|Any CPU.Build.0 = Release|Any CPU
		{9BF46745-96D0-464A-A6DA-9AA61261F899}.Debug|Any CPU.ActiveCfg = Debug|Any CPU
		{9BF46745-96D0-464A-A6DA-9AA61261F899}.Debug|Any CPU.Build.0 = Debug|Any CPU
		{9BF46745-96D0-464A-A6DA-9AA61261F899}.Release|Any CPU.ActiveCfg = Release|Any CPU
		{9BF46745-96D0-464A-A6DA-9AA61261F899}.Release|Any CPU.Build.0 = Release|Any CPU
		{05FFEC9F-B637-4E7C-B46D-280E9E75296A}.Debug|Any CPU.ActiveCfg = Debug|Any CPU
		{05FFEC9F-B637-4E7C-B46D-280E9E75296A}.Debug|Any CPU.Build.0 = Debug|Any CPU
		{05FFEC9F-B637-4E7C-B46D-280E9E75296A}.Release|Any CPU.ActiveCfg = Release|Any CPU
		{05FFEC9F-B637-4E7C-B46D-280E9E75296A}.Release|Any CPU.Build.0 = Release|Any CPU
		{ADBC7DF1-BE65-406F-9422-3F316625E575}.Debug|Any CPU.ActiveCfg = Debug|Any CPU
		{ADBC7DF1-BE65-406F-9422-3F316625E575}.Debug|Any CPU.Build.0 = Debug|Any CPU
		{ADBC7DF1-BE65-406F-9422-3F316625E575}.Release|Any CPU.ActiveCfg = Release|Any CPU
		{ADBC7DF1-BE65-406F-9422-3F316625E575}.Release|Any CPU.Build.0 = Release|Any CPU
		{1A12AE86-4D54-466F-BDD8-AB5885AD566A}.Debug|Any CPU.ActiveCfg = Debug|Any CPU
		{1A12AE86-4D54-466F-BDD8-AB5885AD566A}.Debug|Any CPU.Build.0 = Debug|Any CPU
		{1A12AE86-4D54-466F-BDD8-AB5885AD566A}.Release|Any CPU.ActiveCfg = Release|Any CPU
		{1A12AE86-4D54-466F-BDD8-AB5885AD566A}.Release|Any CPU.Build.0 = Release|Any CPU
	EndGlobalSection
	GlobalSection(SolutionProperties) = preSolution
		HideSolutionNode = FALSE
	EndGlobalSection
	GlobalSection(NestedProjects) = preSolution
		{05FFEC9F-B637-4E7C-B46D-280E9E75296A} = {D455C4E6-1C22-4DD1-9002-05DB26F4D4F1}
		{ADBC7DF1-BE65-406F-9422-3F316625E575} = {D455C4E6-1C22-4DD1-9002-05DB26F4D4F1}
		{1A12AE86-4D54-466F-BDD8-AB5885AD566A} = {D455C4E6-1C22-4DD1-9002-05DB26F4D4F1}
	EndGlobalSection
	GlobalSection(ExtensibilityGlobals) = postSolution
		SolutionGuid = {5AFA2E1E-75CA-4080-897D-0AB0ABB5E5A1}
	EndGlobalSection
EndGlobal
