
Microsoft Visual Studio Solution File, Format Version 12.00
# Visual Studio Version 17
VisualStudioVersion = 17.2.32516.85
MinimumVisualStudioVersion = 10.0.40219.1
Project("{9A19103F-16F7-4668-BE54-9A1E7A4F7556}") = "AlintaPoC.Domain", "AlintaPoC.Domain\AlintaPoC.Domain.csproj", "{60DEF093-116E-4D26-A19E-E37C944759A6}"
EndProject
Project("{9A19103F-16F7-4668-BE54-9A1E7A4F7556}") = "SharedKernel", "SharedKernel\SharedKernel.csproj", "{5E980C7E-7FA9-4AA6-B10A-95DE9BA73974}"
EndProject
Project("{9A19103F-16F7-4668-BE54-9A1E7A4F7556}") = "AlintaPoC.Data", "AlintaPoC.Data\AlintaPoC.Data.csproj", "{42ABE18E-4615-4088-9363-E8AA22666C14}"
EndProject
Project("{9A19103F-16F7-4668-BE54-9A1E7A4F7556}") = "AlintaPoC.Contracts", "AlintaPoC.Contracts\AlintaPoC.Contracts.csproj", "{32E45B79-795B-43BA-9718-EAC07039C51D}"
EndProject
Project("{9A19103F-16F7-4668-BE54-9A1E7A4F7556}") = "AlintaPoC.Application", "AlintaPoC.Application\AlintaPoC.Application.csproj", "{8B1E1317-BD17-4F7B-8F0E-BC0575F0813E}"
EndProject
Project("{9A19103F-16F7-4668-BE54-9A1E7A4F7556}") = "AlintaPoC.API", "AlintaPoC.API\AlintaPoC.API.csproj", "{7BDE2722-DD0B-434B-87D6-2AC2498A81D4}"
EndProject
Project("{FAE04EC0-301F-11D3-BF4B-00C04F79EFBC}") = "AlintaPoC.Integration.TableStorage", "AlintaPoC.Integration.TableStorage\AlintaPoC.Integration.TableStorage.csproj", "{C4BF06FF-5A74-4BFA-8269-0DFDF8EDE84A}"
EndProject
Global
	GlobalSection(SolutionConfigurationPlatforms) = preSolution
		Debug|Any CPU = Debug|Any CPU
		Release|Any CPU = Release|Any CPU
	EndGlobalSection
	GlobalSection(ProjectConfigurationPlatforms) = postSolution
		{60DEF093-116E-4D26-A19E-E37C944759A6}.Debug|Any CPU.ActiveCfg = Debug|Any CPU
		{60DEF093-116E-4D26-A19E-E37C944759A6}.Debug|Any CPU.Build.0 = Debug|Any CPU
		{60DEF093-116E-4D26-A19E-E37C944759A6}.Release|Any CPU.ActiveCfg = Release|Any CPU
		{60DEF093-116E-4D26-A19E-E37C944759A6}.Release|Any CPU.Build.0 = Release|Any CPU
		{5E980C7E-7FA9-4AA6-B10A-95DE9BA73974}.Debug|Any CPU.ActiveCfg = Debug|Any CPU
		{5E980C7E-7FA9-4AA6-B10A-95DE9BA73974}.Debug|Any CPU.Build.0 = Debug|Any CPU
		{5E980C7E-7FA9-4AA6-B10A-95DE9BA73974}.Release|Any CPU.ActiveCfg = Release|Any CPU
		{5E980C7E-7FA9-4AA6-B10A-95DE9BA73974}.Release|Any CPU.Build.0 = Release|Any CPU
		{42ABE18E-4615-4088-9363-E8AA22666C14}.Debug|Any CPU.ActiveCfg = Debug|Any CPU
		{42ABE18E-4615-4088-9363-E8AA22666C14}.Debug|Any CPU.Build.0 = Debug|Any CPU
		{42ABE18E-4615-4088-9363-E8AA22666C14}.Release|Any CPU.ActiveCfg = Release|Any CPU
		{42ABE18E-4615-4088-9363-E8AA22666C14}.Release|Any CPU.Build.0 = Release|Any CPU
		{32E45B79-795B-43BA-9718-EAC07039C51D}.Debug|Any CPU.ActiveCfg = Debug|Any CPU
		{32E45B79-795B-43BA-9718-EAC07039C51D}.Debug|Any CPU.Build.0 = Debug|Any CPU
		{32E45B79-795B-43BA-9718-EAC07039C51D}.Release|Any CPU.ActiveCfg = Release|Any CPU
		{32E45B79-795B-43BA-9718-EAC07039C51D}.Release|Any CPU.Build.0 = Release|Any CPU
		{8B1E1317-BD17-4F7B-8F0E-BC0575F0813E}.Debug|Any CPU.ActiveCfg = Debug|Any CPU
		{8B1E1317-BD17-4F7B-8F0E-BC0575F0813E}.Debug|Any CPU.Build.0 = Debug|Any CPU
		{8B1E1317-BD17-4F7B-8F0E-BC0575F0813E}.Release|Any CPU.ActiveCfg = Release|Any CPU
		{8B1E1317-BD17-4F7B-8F0E-BC0575F0813E}.Release|Any CPU.Build.0 = Release|Any CPU
		{7BDE2722-DD0B-434B-87D6-2AC2498A81D4}.Debug|Any CPU.ActiveCfg = Debug|Any CPU
		{7BDE2722-DD0B-434B-87D6-2AC2498A81D4}.Debug|Any CPU.Build.0 = Debug|Any CPU
		{7BDE2722-DD0B-434B-87D6-2AC2498A81D4}.Release|Any CPU.ActiveCfg = Release|Any CPU
		{7BDE2722-DD0B-434B-87D6-2AC2498A81D4}.Release|Any CPU.Build.0 = Release|Any CPU
		{C4BF06FF-5A74-4BFA-8269-0DFDF8EDE84A}.Debug|Any CPU.ActiveCfg = Debug|Any CPU
		{C4BF06FF-5A74-4BFA-8269-0DFDF8EDE84A}.Debug|Any CPU.Build.0 = Debug|Any CPU
		{C4BF06FF-5A74-4BFA-8269-0DFDF8EDE84A}.Release|Any CPU.ActiveCfg = Release|Any CPU
		{C4BF06FF-5A74-4BFA-8269-0DFDF8EDE84A}.Release|Any CPU.Build.0 = Release|Any CPU
	EndGlobalSection
	GlobalSection(SolutionProperties) = preSolution
		HideSolutionNode = FALSE
	EndGlobalSection
	GlobalSection(ExtensibilityGlobals) = postSolution
		SolutionGuid = {5AFA2E1E-75CA-4080-897D-0AB0ABB5E5A1}
	EndGlobalSection
EndGlobal
